{
	"name": "liferay-frontend-theme-unstyled",
	"version": "3.0.0",
	"lockfileVersion": 1,
	"requires": true,
	"dependencies": {
		"clay-css": {
			"version": "2.1.5",
			"resolved": "https://registry.npmjs.org/clay-css/-/clay-css-2.1.5.tgz",
			"integrity": "sha1-rRJRfs/6FrA1tvGa3HxOUWyPXhw="
		}
	}
}
